// !$*UTF8*$!
{
	archiveVersion = 1;
	classes = {
	};
	objectVersion = 46;
	objects = {

/* Begin PBXBuildFile section */
		E74440001D79239D0012D95F /* main.m in Sources */ = {isa = PBXBuildFile; fileRef = E7443FFF1D79239D0012D95F /* main.m */; };
		E74440031D79239D0012D95F /* AppDelegate.m in Sources */ = {isa = PBXBuildFile; fileRef = E74440021D79239D0012D95F /* AppDelegate.m */; };
		E744400B1D79239D0012D95F /* Assets.xcassets in Resources */ = {isa = PBXBuildFile; fileRef = E744400A1D79239D0012D95F /* Assets.xcassets */; };
		E74440191D79239D0012D95F /* baisiTests.m in Sources */ = {isa = PBXBuildFile; fileRef = E74440181D79239D0012D95F /* baisiTests.m */; };
		E74440241D79239D0012D95F /* baisiUITests.m in Sources */ = {isa = PBXBuildFile; fileRef = E74440231D79239D0012D95F /* baisiUITests.m */; };
		E7BDBC811D7926A00070F304 /* ATTabBarController.m in Sources */ = {isa = PBXBuildFile; fileRef = E7BDBC801D7926A00070F304 /* ATTabBarController.m */; };
		E7BDBC841D7927920070F304 /* ATEssenceViewController.m in Sources */ = {isa = PBXBuildFile; fileRef = E7BDBC831D7927920070F304 /* ATEssenceViewController.m */; };
		E7BDBC871D7929640070F304 /* ATNewViewController.m in Sources */ = {isa = PBXBuildFile; fileRef = E7BDBC861D7929640070F304 /* ATNewViewController.m */; };
		E7BDBC8A1D792A210070F304 /* ATFriendTrends.m in Sources */ = {isa = PBXBuildFile; fileRef = E7BDBC891D792A210070F304 /* ATFriendTrends.m */; };
		E7BDBC8D1D792A9A0070F304 /* ATMeViewController.m in Sources */ = {isa = PBXBuildFile; fileRef = E7BDBC8C1D792A9A0070F304 /* ATMeViewController.m */; };
		E7BDBC931D792B500070F304 /* ATNavigationController.m in Sources */ = {isa = PBXBuildFile; fileRef = E7BDBC921D792B500070F304 /* ATNavigationController.m */; };
/* End PBXBuildFile section */

/* Begin PBXContainerItemProxy section */
		E74440151D79239D0012D95F /* PBXContainerItemProxy */ = {
			isa = PBXContainerItemProxy;
			containerPortal = E7443FF31D79239D0012D95F /* Project object */;
			proxyType = 1;
			remoteGlobalIDString = E7443FFA1D79239D0012D95F;
			remoteInfo = baisi;
		};
		E74440201D79239D0012D95F /* PBXContainerItemProxy */ = {
			isa = PBXContainerItemProxy;
			containerPortal = E7443FF31D79239D0012D95F /* Project object */;
			proxyType = 1;
			remoteGlobalIDString = E7443FFA1D79239D0012D95F;
			remoteInfo = baisi;
		};
/* End PBXContainerItemProxy section */

/* Begin PBXFileReference section */
		E7443FFB1D79239D0012D95F /* baisi.app */ = {isa = PBXFileReference; explicitFileType = wrapper.application; includeInIndex = 0; path = baisi.app; sourceTree = BUILT_PRODUCTS_DIR; };
		E7443FFF1D79239D0012D95F /* main.m */ = {isa = PBXFileReference; lastKnownFileType = sourcecode.c.objc; path = main.m; sourceTree = "<group>"; };
		E74440011D79239D0012D95F /* AppDelegate.h */ = {isa = PBXFileReference; lastKnownFileType = sourcecode.c.h; path = AppDelegate.h; sourceTree = "<group>"; };
		E74440021D79239D0012D95F /* AppDelegate.m */ = {isa = PBXFileReference; lastKnownFileType = sourcecode.c.objc; path = AppDelegate.m; sourceTree = "<group>"; };
		E744400A1D79239D0012D95F /* Assets.xcassets */ = {isa = PBXFileReference; lastKnownFileType = folder.assetcatalog; path = Assets.xcassets; sourceTree = "<group>"; };
		E744400F1D79239D0012D95F /* Info.plist */ = {isa = PBXFileReference; lastKnownFileType = text.plist.xml; path = Info.plist; sourceTree = "<group>"; };
		E74440141D79239D0012D95F /* baisiTests.xctest */ = {isa = PBXFileReference; explicitFileType = wrapper.cfbundle; includeInIndex = 0; path = baisiTests.xctest; sourceTree = BUILT_PRODUCTS_DIR; };
		E74440181D79239D0012D95F /* baisiTests.m */ = {isa = PBXFileReference; lastKnownFileType = sourcecode.c.objc; path = baisiTests.m; sourceTree = "<group>"; };
		E744401A1D79239D0012D95F /* Info.plist */ = {isa = PBXFileReference; lastKnownFileType = text.plist.xml; path = Info.plist; sourceTree = "<group>"; };
		E744401F1D79239D0012D95F /* baisiUITests.xctest */ = {isa = PBXFileReference; explicitFileType = wrapper.cfbundle; includeInIndex = 0; path = baisiUITests.xctest; sourceTree = BUILT_PRODUCTS_DIR; };
		E74440231D79239D0012D95F /* baisiUITests.m */ = {isa = PBXFileReference; lastKnownFileType = sourcecode.c.objc; path = baisiUITests.m; sourceTree = "<group>"; };
		E74440251D79239D0012D95F /* Info.plist */ = {isa = PBXFileReference; lastKnownFileType = text.plist.xml; path = Info.plist; sourceTree = "<group>"; };
		E7BDBC7F1D7926A00070F304 /* ATTabBarController.h */ = {isa = PBXFileReference; fileEncoding = 4; lastKnownFileType = sourcecode.c.h; path = ATTabBarController.h; sourceTree = "<group>"; };
		E7BDBC801D7926A00070F304 /* ATTabBarController.m */ = {isa = PBXFileReference; fileEncoding = 4; lastKnownFileType = sourcecode.c.objc; path = ATTabBarController.m; sourceTree = "<group>"; };
		E7BDBC821D7927920070F304 /* ATEssenceViewController.h */ = {isa = PBXFileReference; fileEncoding = 4; lastKnownFileType = sourcecode.c.h; path = ATEssenceViewController.h; sourceTree = "<group>"; };
		E7BDBC831D7927920070F304 /* ATEssenceViewController.m */ = {isa = PBXFileReference; fileEncoding = 4; lastKnownFileType = sourcecode.c.objc; path = ATEssenceViewController.m; sourceTree = "<group>"; };
		E7BDBC851D7929640070F304 /* ATNewViewController.h */ = {isa = PBXFileReference; fileEncoding = 4; lastKnownFileType = sourcecode.c.h; path = ATNewViewController.h; sourceTree = "<group>"; };
		E7BDBC861D7929640070F304 /* ATNewViewController.m */ = {isa = PBXFileReference; fileEncoding = 4; lastKnownFileType = sourcecode.c.objc; path = ATNewViewController.m; sourceTree = "<group>"; };
		E7BDBC881D792A210070F304 /* ATFriendTrends.h */ = {isa = PBXFileReference; fileEncoding = 4; lastKnownFileType = sourcecode.c.h; path = ATFriendTrends.h; sourceTree = "<group>"; };
		E7BDBC891D792A210070F304 /* ATFriendTrends.m */ = {isa = PBXFileReference; fileEncoding = 4; lastKnownFileType = sourcecode.c.objc; path = ATFriendTrends.m; sourceTree = "<group>"; };
		E7BDBC8B1D792A9A0070F304 /* ATMeViewController.h */ = {isa = PBXFileReference; fileEncoding = 4; lastKnownFileType = sourcecode.c.h; path = ATMeViewController.h; sourceTree = "<group>"; };
		E7BDBC8C1D792A9A0070F304 /* ATMeViewController.m */ = {isa = PBXFileReference; fileEncoding = 4; lastKnownFileType = sourcecode.c.objc; path = ATMeViewController.m; sourceTree = "<group>"; };
		E7BDBC911D792B500070F304 /* ATNavigationController.h */ = {isa = PBXFileReference; fileEncoding = 4; lastKnownFileType = sourcecode.c.h; path = ATNavigationController.h; sourceTree = "<group>"; };
		E7BDBC921D792B500070F304 /* ATNavigationController.m */ = {isa = PBXFileReference; fileEncoding = 4; lastKnownFileType = sourcecode.c.objc; path = ATNavigationController.m; sourceTree = "<group>"; };
		E7BDBC961D794EAB0070F304 /* PrefixHeader.pch */ = {isa = PBXFileReference; fileEncoding = 4; lastKnownFileType = sourcecode.c.h; path = PrefixHeader.pch; sourceTree = "<group>"; };
		E7BDBC971D794FC90070F304 /* ATCommon.h */ = {isa = PBXFileReference; fileEncoding = 4; lastKnownFileType = sourcecode.c.h; path = ATCommon.h; sourceTree = "<group>"; };
/* End PBXFileReference section */

/* Begin PBXFrameworksBuildPhase section */
		E7443FF81D79239D0012D95F /* Frameworks */ = {
			isa = PBXFrameworksBuildPhase;
			buildActionMask = 2147483647;
			files = (
			);
			runOnlyForDeploymentPostprocessing = 0;
		};
		E74440111D79239D0012D95F /* Frameworks */ = {
			isa = PBXFrameworksBuildPhase;
			buildActionMask = 2147483647;
			files = (
			);
			runOnlyForDeploymentPostprocessing = 0;
		};
		E744401C1D79239D0012D95F /* Frameworks */ = {
			isa = PBXFrameworksBuildPhase;
			buildActionMask = 2147483647;
			files = (
			);
			runOnlyForDeploymentPostprocessing = 0;
		};
/* End PBXFrameworksBuildPhase section */

/* Begin PBXGroup section */
		E7443FF21D79239D0012D95F = {
			isa = PBXGroup;
			children = (
				E7443FFD1D79239D0012D95F /* baisi */,
				E74440171D79239D0012D95F /* baisiTests */,
				E74440221D79239D0012D95F /* baisiUITests */,
				E7443FFC1D79239D0012D95F /* Products */,
			);
			sourceTree = "<group>";
		};
		E7443FFC1D79239D0012D95F /* Products */ = {
			isa = PBXGroup;
			children = (
				E7443FFB1D79239D0012D95F /* baisi.app */,
				E74440141D79239D0012D95F /* baisiTests.xctest */,
				E744401F1D79239D0012D95F /* baisiUITests.xctest */,
			);
			name = Products;
			sourceTree = "<group>";
		};
		E7443FFD1D79239D0012D95F /* baisi */ = {
			isa = PBXGroup;
			children = (
				E7BDBC661D7926290070F304 /* Classes */,
				E74440011D79239D0012D95F /* AppDelegate.h */,
				E74440021D79239D0012D95F /* AppDelegate.m */,
				E7BDBC961D794EAB0070F304 /* PrefixHeader.pch */,
				E7443FFE1D79239D0012D95F /* Supporting Files */,
			);
			path = baisi;
			sourceTree = "<group>";
		};
		E7443FFE1D79239D0012D95F /* Supporting Files */ = {
			isa = PBXGroup;
			children = (
				E744400F1D79239D0012D95F /* Info.plist */,
				E744400A1D79239D0012D95F /* Assets.xcassets */,
				E7443FFF1D79239D0012D95F /* main.m */,
			);
			name = "Supporting Files";
			sourceTree = "<group>";
		};
		E74440171D79239D0012D95F /* baisiTests */ = {
			isa = PBXGroup;
			children = (
				E74440181D79239D0012D95F /* baisiTests.m */,
				E744401A1D79239D0012D95F /* Info.plist */,
			);
			path = baisiTests;
			sourceTree = "<group>";
		};
		E74440221D79239D0012D95F /* baisiUITests */ = {
			isa = PBXGroup;
			children = (
				E74440231D79239D0012D95F /* baisiUITests.m */,
				E74440251D79239D0012D95F /* Info.plist */,
			);
			path = baisiUITests;
			sourceTree = "<group>";
		};
		E7BDBC661D7926290070F304 /* Classes */ = {
			isa = PBXGroup;
			children = (
				E7BDBC671D7926290070F304 /* Essence */,
				E7BDBC6B1D7926290070F304 /* FriendTrends */,
				E7BDBC6F1D7926290070F304 /* Main */,
				E7BDBC731D7926290070F304 /* Me */,
				E7BDBC771D7926290070F304 /* New */,
				E7BDBC7B1D7926290070F304 /* Other */,
			);
			path = Classes;
			sourceTree = "<group>";
		};
		E7BDBC671D7926290070F304 /* Essence */ = {
			isa = PBXGroup;
			children = (
				E7BDBC681D7926290070F304 /* Controller */,
				E7BDBC691D7926290070F304 /* Model */,
				E7BDBC6A1D7926290070F304 /* View */,
			);
			path = Essence;
			sourceTree = "<group>";
		};
		E7BDBC681D7926290070F304 /* Controller */ = {
			isa = PBXGroup;
			children = (
				E7BDBC821D7927920070F304 /* ATEssenceViewController.h */,
				E7BDBC831D7927920070F304 /* ATEssenceViewController.m */,
			);
			path = Controller;
			sourceTree = "<group>";
		};
		E7BDBC691D7926290070F304 /* Model */ = {
			isa = PBXGroup;
			children = (
			);
			path = Model;
			sourceTree = "<group>";
		};
		E7BDBC6A1D7926290070F304 /* View */ = {
			isa = PBXGroup;
			children = (
			);
			path = View;
			sourceTree = "<group>";
		};
		E7BDBC6B1D7926290070F304 /* FriendTrends */ = {
			isa = PBXGroup;
			children = (
				E7BDBC6C1D7926290070F304 /* Controller */,
				E7BDBC6D1D7926290070F304 /* Model */,
				E7BDBC6E1D7926290070F304 /* View */,
			);
			path = FriendTrends;
			sourceTree = "<group>";
		};
		E7BDBC6C1D7926290070F304 /* Controller */ = {
			isa = PBXGroup;
			children = (
				E7BDBC881D792A210070F304 /* ATFriendTrends.h */,
				E7BDBC891D792A210070F304 /* ATFriendTrends.m */,
			);
			path = Controller;
			sourceTree = "<group>";
		};
		E7BDBC6D1D7926290070F304 /* Model */ = {
			isa = PBXGroup;
			children = (
			);
			path = Model;
			sourceTree = "<group>";
		};
		E7BDBC6E1D7926290070F304 /* View */ = {
			isa = PBXGroup;
			children = (
			);
			path = View;
			sourceTree = "<group>";
		};
		E7BDBC6F1D7926290070F304 /* Main */ = {
			isa = PBXGroup;
			children = (
				E7BDBC701D7926290070F304 /* Controller */,
				E7BDBC711D7926290070F304 /* Model */,
				E7BDBC721D7926290070F304 /* View */,
			);
			path = Main;
			sourceTree = "<group>";
		};
		E7BDBC701D7926290070F304 /* Controller */ = {
			isa = PBXGroup;
			children = (
				E7BDBC7F1D7926A00070F304 /* ATTabBarController.h */,
				E7BDBC801D7926A00070F304 /* ATTabBarController.m */,
				E7BDBC911D792B500070F304 /* ATNavigationController.h */,
				E7BDBC921D792B500070F304 /* ATNavigationController.m */,
			);
			path = Controller;
			sourceTree = "<group>";
		};
		E7BDBC711D7926290070F304 /* Model */ = {
			isa = PBXGroup;
			children = (
			);
			path = Model;
			sourceTree = "<group>";
		};
		E7BDBC721D7926290070F304 /* View */ = {
			isa = PBXGroup;
			children = (
			);
			path = View;
			sourceTree = "<group>";
		};
		E7BDBC731D7926290070F304 /* Me */ = {
			isa = PBXGroup;
			children = (
				E7BDBC741D7926290070F304 /* Controller */,
				E7BDBC751D7926290070F304 /* Model */,
				E7BDBC761D7926290070F304 /* View */,
			);
			path = Me;
			sourceTree = "<group>";
		};
		E7BDBC741D7926290070F304 /* Controller */ = {
			isa = PBXGroup;
			children = (
				E7BDBC8B1D792A9A0070F304 /* ATMeViewController.h */,
				E7BDBC8C1D792A9A0070F304 /* ATMeViewController.m */,
			);
			path = Controller;
			sourceTree = "<group>";
		};
		E7BDBC751D7926290070F304 /* Model */ = {
			isa = PBXGroup;
			children = (
			);
			path = Model;
			sourceTree = "<group>";
		};
		E7BDBC761D7926290070F304 /* View */ = {
			isa = PBXGroup;
			children = (
			);
			path = View;
			sourceTree = "<group>";
		};
		E7BDBC771D7926290070F304 /* New */ = {
			isa = PBXGroup;
			children = (
				E7BDBC781D7926290070F304 /* Controller */,
				E7BDBC791D7926290070F304 /* Model */,
				E7BDBC7A1D7926290070F304 /* View */,
			);
			path = New;
			sourceTree = "<group>";
		};
		E7BDBC781D7926290070F304 /* Controller */ = {
			isa = PBXGroup;
			children = (
				E7BDBC851D7929640070F304 /* ATNewViewController.h */,
				E7BDBC861D7929640070F304 /* ATNewViewController.m */,
			);
			path = Controller;
			sourceTree = "<group>";
		};
		E7BDBC791D7926290070F304 /* Model */ = {
			isa = PBXGroup;
			children = (
			);
			path = Model;
			sourceTree = "<group>";
		};
		E7BDBC7A1D7926290070F304 /* View */ = {
			isa = PBXGroup;
			children = (
			);
			path = View;
			sourceTree = "<group>";
		};
		E7BDBC7B1D7926290070F304 /* Other */ = {
			isa = PBXGroup;
			children = (
				E7BDBC941D794E750070F304 /* Category */,
				E7BDBC951D794E750070F304 /* Lib */,
				E7BDBC7C1D7926290070F304 /* Controller */,
				E7BDBC7D1D7926290070F304 /* Model */,
				E7BDBC7E1D7926290070F304 /* View */,
			);
			path = Other;
			sourceTree = "<group>";
		};
		E7BDBC7C1D7926290070F304 /* Controller */ = {
			isa = PBXGroup;
			children = (
			);
			path = Controller;
			sourceTree = "<group>";
		};
		E7BDBC7D1D7926290070F304 /* Model */ = {
			isa = PBXGroup;
			children = (
			);
			path = Model;
			sourceTree = "<group>";
		};
		E7BDBC7E1D7926290070F304 /* View */ = {
			isa = PBXGroup;
			children = (
			);
			path = View;
			sourceTree = "<group>";
		};
		E7BDBC941D794E750070F304 /* Category */ = {
			isa = PBXGroup;
			children = (
			);
			path = Category;
			sourceTree = "<group>";
		};
		E7BDBC951D794E750070F304 /* Lib */ = {
			isa = PBXGroup;
			children = (
				E7BDBC971D794FC90070F304 /* ATCommon.h */,
			);
			path = Lib;
			sourceTree = "<group>";
		};
/* End PBXGroup section */

/* Begin PBXNativeTarget section */
		E7443FFA1D79239D0012D95F /* baisi */ = {
			isa = PBXNativeTarget;
			buildConfigurationList = E74440281D79239D0012D95F /* Build configuration list for PBXNativeTarget "baisi" */;
			buildPhases = (
				E7443FF71D79239D0012D95F /* Sources */,
				E7443FF81D79239D0012D95F /* Frameworks */,
				E7443FF91D79239D0012D95F /* Resources */,
			);
			buildRules = (
			);
			dependencies = (
			);
			name = baisi;
			productName = baisi;
			productReference = E7443FFB1D79239D0012D95F /* baisi.app */;
			productType = "com.apple.product-type.application";
		};
		E74440131D79239D0012D95F /* baisiTests */ = {
			isa = PBXNativeTarget;
			buildConfigurationList = E744402B1D79239D0012D95F /* Build configuration list for PBXNativeTarget "baisiTests" */;
			buildPhases = (
				E74440101D79239D0012D95F /* Sources */,
				E74440111D79239D0012D95F /* Frameworks */,
				E74440121D79239D0012D95F /* Resources */,
			);
			buildRules = (
			);
			dependencies = (
				E74440161D79239D0012D95F /* PBXTargetDependency */,
			);
			name = baisiTests;
			productName = baisiTests;
			productReference = E74440141D79239D0012D95F /* baisiTests.xctest */;
			productType = "com.apple.product-type.bundle.unit-test";
		};
		E744401E1D79239D0012D95F /* baisiUITests */ = {
			isa = PBXNativeTarget;
			buildConfigurationList = E744402E1D79239D0012D95F /* Build configuration list for PBXNativeTarget "baisiUITests" */;
			buildPhases = (
				E744401B1D79239D0012D95F /* Sources */,
				E744401C1D79239D0012D95F /* Frameworks */,
				E744401D1D79239D0012D95F /* Resources */,
			);
			buildRules = (
			);
			dependencies = (
				E74440211D79239D0012D95F /* PBXTargetDependency */,
			);
			name = baisiUITests;
			productName = baisiUITests;
			productReference = E744401F1D79239D0012D95F /* baisiUITests.xctest */;
			productType = "com.apple.product-type.bundle.ui-testing";
		};
/* End PBXNativeTarget section */

/* Begin PBXProject section */
		E7443FF31D79239D0012D95F /* Project object */ = {
			isa = PBXProject;
			attributes = {
				CLASSPREFIX = AT;
				LastUpgradeCheck = 0730;
				ORGANIZATIONNAME = alan;
				TargetAttributes = {
					E7443FFA1D79239D0012D95F = {
						CreatedOnToolsVersion = 7.3.1;
					};
					E74440131D79239D0012D95F = {
						CreatedOnToolsVersion = 7.3.1;
						TestTargetID = E7443FFA1D79239D0012D95F;
					};
					E744401E1D79239D0012D95F = {
						CreatedOnToolsVersion = 7.3.1;
						TestTargetID = E7443FFA1D79239D0012D95F;
					};
				};
			};
			buildConfigurationList = E7443FF61D79239D0012D95F /* Build configuration list for PBXProject "baisi" */;
			compatibilityVersion = "Xcode 3.2";
			developmentRegion = English;
			hasScannedForEncodings = 0;
			knownRegions = (
				en,
				Base,
			);
			mainGroup = E7443FF21D79239D0012D95F;
			productRefGroup = E7443FFC1D79239D0012D95F /* Products */;
			projectDirPath = "";
			projectRoot = "";
			targets = (
				E7443FFA1D79239D0012D95F /* baisi */,
				E74440131D79239D0012D95F /* baisiTests */,
				E744401E1D79239D0012D95F /* baisiUITests */,
			);
		};
/* End PBXProject section */

/* Begin PBXResourcesBuildPhase section */
		E7443FF91D79239D0012D95F /* Resources */ = {
			isa = PBXResourcesBuildPhase;
			buildActionMask = 2147483647;
			files = (
				E744400B1D79239D0012D95F /* Assets.xcassets in Resources */,
			);
			runOnlyForDeploymentPostprocessing = 0;
		};
		E74440121D79239D0012D95F /* Resources */ = {
			isa = PBXResourcesBuildPhase;
			buildActionMask = 2147483647;
			files = (
			);
			runOnlyForDeploymentPostprocessing = 0;
		};
		E744401D1D79239D0012D95F /* Resources */ = {
			isa = PBXResourcesBuildPhase;
			buildActionMask = 2147483647;
			files = (
			);
			runOnlyForDeploymentPostprocessing = 0;
		};
/* End PBXResourcesBuildPhase section */

/* Begin PBXSourcesBuildPhase section */
		E7443FF71D79239D0012D95F /* Sources */ = {
			isa = PBXSourcesBuildPhase;
			buildActionMask = 2147483647;
			files = (
				E7BDBC811D7926A00070F304 /* ATTabBarController.m in Sources */,
				E74440031D79239D0012D95F /* AppDelegate.m in Sources */,
				E7BDBC8A1D792A210070F304 /* ATFriendTrends.m in Sources */,
				E7BDBC8D1D792A9A0070F304 /* ATMeViewController.m in Sources */,
				E7BDBC931D792B500070F304 /* ATNavigationController.m in Sources */,
				E7BDBC871D7929640070F304 /* ATNewViewController.m in Sources */,
				E7BDBC841D7927920070F304 /* ATEssenceViewController.m in Sources */,
				E74440001D79239D0012D95F /* main.m in Sources */,
			);
			runOnlyForDeploymentPostprocessing = 0;
		};
		E74440101D79239D0012D95F /* Sources */ = {
			isa = PBXSourcesBuildPhase;
			buildActionMask = 2147483647;
			files = (
				E74440191D79239D0012D95F /* baisiTests.m in Sources */,
			);
			runOnlyForDeploymentPostprocessing = 0;
		};
		E744401B1D79239D0012D95F /* Sources */ = {
			isa = PBXSourcesBuildPhase;
			buildActionMask = 2147483647;
			files = (
				E74440241D79239D0012D95F /* baisiUITests.m in Sources */,
			);
			runOnlyForDeploymentPostprocessing = 0;
		};
/* End PBXSourcesBuildPhase section */

/* Begin PBXTargetDependency section */
		E74440161D79239D0012D95F /* PBXTargetDependency */ = {
			isa = PBXTargetDependency;
			target = E7443FFA1D79239D0012D95F /* baisi */;
			targetProxy = E74440151D79239D0012D95F /* PBXContainerItemProxy */;
		};
		E74440211D79239D0012D95F /* PBXTargetDependency */ = {
			isa = PBXTargetDependency;
			target = E7443FFA1D79239D0012D95F /* baisi */;
			targetProxy = E74440201D79239D0012D95F /* PBXContainerItemProxy */;
		};
/* End PBXTargetDependency section */

/* Begin XCBuildConfiguration section */
		E74440261D79239D0012D95F /* Debug */ = {
			isa = XCBuildConfiguration;
			buildSettings = {
				ALWAYS_SEARCH_USER_PATHS = NO;
				CLANG_ANALYZER_NONNULL = YES;
				CLANG_CXX_LANGUAGE_STANDARD = "gnu++0x";
				CLANG_CXX_LIBRARY = "libc++";
				CLANG_ENABLE_MODULES = YES;
				CLANG_ENABLE_OBJC_ARC = YES;
				CLANG_WARN_BOOL_CONVERSION = YES;
				CLANG_WARN_CONSTANT_CONVERSION = YES;
				CLANG_WARN_DIRECT_OBJC_ISA_USAGE = YES_ERROR;
				CLANG_WARN_EMPTY_BODY = YES;
				CLANG_WARN_ENUM_CONVERSION = YES;
				CLANG_WARN_INT_CONVERSION = YES;
				CLANG_WARN_OBJC_ROOT_CLASS = YES_ERROR;
				CLANG_WARN_UNREACHABLE_CODE = YES;
				CLANG_WARN__DUPLICATE_METHOD_MATCH = YES;
				"CODE_SIGN_IDENTITY[sdk=iphoneos*]" = "iPhone Developer";
				COPY_PHASE_STRIP = NO;
				DEBUG_INFORMATION_FORMAT = dwarf;
				ENABLE_STRICT_OBJC_MSGSEND = YES;
				ENABLE_TESTABILITY = YES;
				GCC_C_LANGUAGE_STANDARD = gnu99;
				GCC_DYNAMIC_NO_PIC = NO;
				GCC_NO_COMMON_BLOCKS = YES;
				GCC_OPTIMIZATION_LEVEL = 0;
				GCC_PREPROCESSOR_DEFINITIONS = (
					"DEBUG=1",
					"$(inherited)",
				);
				GCC_WARN_64_TO_32_BIT_CONVERSION = YES;
				GCC_WARN_ABOUT_RETURN_TYPE = YES_ERROR;
				GCC_WARN_UNDECLARED_SELECTOR = YES;
				GCC_WARN_UNINITIALIZED_AUTOS = YES_AGGRESSIVE;
				GCC_WARN_UNUSED_FUNCTION = YES;
				GCC_WARN_UNUSED_VARIABLE = YES;
				IPHONEOS_DEPLOYMENT_TARGET = 9.3;
				MTL_ENABLE_DEBUG_INFO = YES;
				ONLY_ACTIVE_ARCH = YES;
				SDKROOT = iphoneos;
			};
			name = Debug;
		};
		E74440271D79239D0012D95F /* Release */ = {
			isa = XCBuildConfiguration;
			buildSettings = {
				ALWAYS_SEARCH_USER_PATHS = NO;
				CLANG_ANALYZER_NONNULL = YES;
				CLANG_CXX_LANGUAGE_STANDARD = "gnu++0x";
				CLANG_CXX_LIBRARY = "libc++";
				CLANG_ENABLE_MODULES = YES;
				CLANG_ENABLE_OBJC_ARC = YES;
				CLANG_WARN_BOOL_CONVERSION = YES;
				CLANG_WARN_CONSTANT_CONVERSION = YES;
				CLANG_WARN_DIRECT_OBJC_ISA_USAGE = YES_ERROR;
				CLANG_WARN_EMPTY_BODY = YES;
				CLANG_WARN_ENUM_CONVERSION = YES;
				CLANG_WARN_INT_CONVERSION = YES;
				CLANG_WARN_OBJC_ROOT_CLASS = YES_ERROR;
				CLANG_WARN_UNREACHABLE_CODE = YES;
				CLANG_WARN__DUPLICATE_METHOD_MATCH = YES;
				"CODE_SIGN_IDENTITY[sdk=iphoneos*]" = "iPhone Developer";
				COPY_PHASE_STRIP = NO;
				DEBUG_INFORMATION_FORMAT = "dwarf-with-dsym";
				ENABLE_NS_ASSERTIONS = NO;
				ENABLE_STRICT_OBJC_MSGSEND = YES;
				GCC_C_LANGUAGE_STANDARD = gnu99;
				GCC_NO_COMMON_BLOCKS = YES;
				GCC_WARN_64_TO_32_BIT_CONVERSION = YES;
				GCC_WARN_ABOUT_RETURN_TYPE = YES_ERROR;
				GCC_WARN_UNDECLARED_SELECTOR = YES;
				GCC_WARN_UNINITIALIZED_AUTOS = YES_AGGRESSIVE;
				GCC_WARN_UNUSED_FUNCTION = YES;
				GCC_WARN_UNUSED_VARIABLE = YES;
				IPHONEOS_DEPLOYMENT_TARGET = 9.3;
				MTL_ENABLE_DEBUG_INFO = NO;
				SDKROOT = iphoneos;
				VALIDATE_PRODUCT = YES;
			};
			name = Release;
		};
		E74440291D79239D0012D95F /* Debug */ = {
			isa = XCBuildConfiguration;
			buildSettings = {
				ASSETCATALOG_COMPILER_APPICON_NAME = AppIcon;
				ASSETCATALOG_COMPILER_LAUNCHIMAGE_NAME = LaunchImage;
				GCC_PREFIX_HEADER = baisi/PrefixHeader.pch;
				INFOPLIST_FILE = baisi/Info.plist;
				IPHONEOS_DEPLOYMENT_TARGET = 8.0;
				LD_RUNPATH_SEARCH_PATHS = "$(inherited) @executable_path/Frameworks";
				PRODUCT_BUNDLE_IDENTIFIER = com.alan.baisi;
				PRODUCT_NAME = "$(TARGET_NAME)";
			};
			name = Debug;
		};
		E744402A1D79239D0012D95F /* Release */ = {
			isa = XCBuildConfiguration;
			buildSettings = {
				ASSETCATALOG_COMPILER_APPICON_NAME = AppIcon;
				ASSETCATALOG_COMPILER_LAUNCHIMAGE_NAME = LaunchImage;
				GCC_PREFIX_HEADER = baisi/PrefixHeader.pch;
				INFOPLIST_FILE = baisi/Info.plist;
				IPHONEOS_DEPLOYMENT_TARGET = 8.0;
				LD_RUNPATH_SEARCH_PATHS = "$(inherited) @executable_path/Frameworks";
				PRODUCT_BUNDLE_IDENTIFIER = com.alan.baisi;
				PRODUCT_NAME = "$(TARGET_NAME)";
			};
			name = Release;
		};
		E744402C1D79239D0012D95F /* Debug */ = {
			isa = XCBuildConfiguration;
			buildSettings = {
				BUNDLE_LOADER = "$(TEST_HOST)";
				INFOPLIST_FILE = baisiTests/Info.plist;
				LD_RUNPATH_SEARCH_PATHS = "$(inherited) @executable_path/Frameworks @loader_path/Frameworks";
				PRODUCT_BUNDLE_IDENTIFIER = com.alan.baisiTests;
				PRODUCT_NAME = "$(TARGET_NAME)";
				TEST_HOST = "$(BUILT_PRODUCTS_DIR)/baisi.app/baisi";
			};
			name = Debug;
		};
		E744402D1D79239D0012D95F /* Release */ = {
			isa = XCBuildConfiguration;
			buildSettings = {
				BUNDLE_LOADER = "$(TEST_HOST)";
				INFOPLIST_FILE = baisiTests/Info.plist;
				LD_RUNPATH_SEARCH_PATHS = "$(inherited) @executable_path/Frameworks @loader_path/Frameworks";
				PRODUCT_BUNDLE_IDENTIFIER = com.alan.baisiTests;
				PRODUCT_NAME = "$(TARGET_NAME)";
				TEST_HOST = "$(BUILT_PRODUCTS_DIR)/baisi.app/baisi";
			};
			name = Release;
		};
		E744402F1D79239D0012D95F /* Debug */ = {
			isa = XCBuildConfiguration;
			buildSettings = {
				INFOPLIST_FILE = baisiUITests/Info.plist;
				LD_RUNPATH_SEARCH_PATHS = "$(inherited) @executable_path/Frameworks @loader_path/Frameworks";
				PRODUCT_BUNDLE_IDENTIFIER = com.alan.baisiUITests;
				PRODUCT_NAME = "$(TARGET_NAME)";
				TEST_TARGET_NAME = baisi;
			};
			name = Debug;
		};
		E74440301D79239D0012D95F /* Release */ = {
			isa = XCBuildConfiguration;
			buildSettings = {
				INFOPLIST_FILE = baisiUITests/Info.plist;
				LD_RUNPATH_SEARCH_PATHS = "$(inherited) @executable_path/Frameworks @loader_path/Frameworks";
				PRODUCT_BUNDLE_IDENTIFIER = com.alan.baisiUITests;
				PRODUCT_NAME = "$(TARGET_NAME)";
				TEST_TARGET_NAME = baisi;
			};
			name = Release;
		};
/* End XCBuildConfiguration section */

/* Begin XCConfigurationList section */
		E7443FF61D79239D0012D95F /* Build configuration list for PBXProject "baisi" */ = {
			isa = XCConfigurationList;
			buildConfigurations = (
				E74440261D79239D0012D95F /* Debug */,
				E74440271D79239D0012D95F /* Release */,
			);
			defaultConfigurationIsVisible = 0;
			defaultConfigurationName = Release;
		};
		E74440281D79239D0012D95F /* Build configuration list for PBXNativeTarget "baisi" */ = {
			isa = XCConfigurationList;
			buildConfigurations = (
				E74440291D79239D0012D95F /* Debug */,
				E744402A1D79239D0012D95F /* Release */,
			);
			defaultConfigurationIsVisible = 0;
			defaultConfigurationName = Release;
		};
		E744402B1D79239D0012D95F /* Build configuration list for PBXNativeTarget "baisiTests" */ = {
			isa = XCConfigurationList;
			buildConfigurations = (
				E744402C1D79239D0012D95F /* Debug */,
				E744402D1D79239D0012D95F /* Release */,
			);
			defaultConfigurationIsVisible = 0;
			defaultConfigurationName = Release;
		};
		E744402E1D79239D0012D95F /* Build configuration list for PBXNativeTarget "baisiUITests" */ = {
			isa = XCConfigurationList;
			buildConfigurations = (
				E744402F1D79239D0012D95F /* Debug */,
				E74440301D79239D0012D95F /* Release */,
			);
			defaultConfigurationIsVisible = 0;
			defaultConfigurationName = Release;
		};
/* End XCConfigurationList section */
	};
	rootObject = E7443FF31D79239D0012D95F /* Project object */;
}
